// !$*UTF8*$!
{
	archiveVersion = 1;
	classes = {
	};
	objectVersion = 46;
	objects = {

/* Begin PBXBuildFile section */
		447DA29E19607EBA00A60E91 /* Foundation.framework in Frameworks */ = {isa = PBXBuildFile; fileRef = 447DA29D19607EBA00A60E91 /* Foundation.framework */; };
		447DA2A019607EBA00A60E91 /* CoreGraphics.framework in Frameworks */ = {isa = PBXBuildFile; fileRef = 447DA29F19607EBA00A60E91 /* CoreGraphics.framework */; };
		447DA2A219607EBA00A60E91 /* UIKit.framework in Frameworks */ = {isa = PBXBuildFile; fileRef = 447DA2A119607EBA00A60E91 /* UIKit.framework */; };
		447DA2A819607EBA00A60E91 /* InfoPlist.strings in Resources */ = {isa = PBXBuildFile; fileRef = 447DA2A619607EBA00A60E91 /* InfoPlist.strings */; };
		447DA2AA19607EBA00A60E91 /* main.m in Sources */ = {isa = PBXBuildFile; fileRef = 447DA2A919607EBA00A60E91 /* main.m */; };
		447DA2AE19607EBA00A60E91 /* AppDelegate.m in Sources */ = {isa = PBXBuildFile; fileRef = 447DA2AD19607EBA00A60E91 /* AppDelegate.m */; };
		447DA2B019607EBA00A60E91 /* Images.xcassets in Resources */ = {isa = PBXBuildFile; fileRef = 447DA2AF19607EBA00A60E91 /* Images.xcassets */; };
		447DA2B719607EBA00A60E91 /* XCTest.framework in Frameworks */ = {isa = PBXBuildFile; fileRef = 447DA2B619607EBA00A60E91 /* XCTest.framework */; };
		447DA2B819607EBA00A60E91 /* Foundation.framework in Frameworks */ = {isa = PBXBuildFile; fileRef = 447DA29D19607EBA00A60E91 /* Foundation.framework */; };
		447DA2B919607EBA00A60E91 /* UIKit.framework in Frameworks */ = {isa = PBXBuildFile; fileRef = 447DA2A119607EBA00A60E91 /* UIKit.framework */; };
		447DA2C119607EBA00A60E91 /* InfoPlist.strings in Resources */ = {isa = PBXBuildFile; fileRef = 447DA2BF19607EBA00A60E91 /* InfoPlist.strings */; };
		447DA2C319607EBA00A60E91 /* Week_4_HW_2Tests.m in Sources */ = {isa = PBXBuildFile; fileRef = 447DA2C219607EBA00A60E91 /* Week_4_HW_2Tests.m */; };
		447DA2CF19607EF800A60E91 /* ViewController.m in Sources */ = {isa = PBXBuildFile; fileRef = 447DA2CD19607EF800A60E91 /* ViewController.m */; };
		447DA2D019607EF800A60E91 /* ViewController.xib in Resources */ = {isa = PBXBuildFile; fileRef = 447DA2CE19607EF800A60E91 /* ViewController.xib */; };
/* End PBXBuildFile section */

/* Begin PBXContainerItemProxy section */
		447DA2BA19607EBA00A60E91 /* PBXContainerItemProxy */ = {
			isa = PBXContainerItemProxy;
			containerPortal = 447DA29219607EB900A60E91 /* Project object */;
			proxyType = 1;
			remoteGlobalIDString = 447DA29919607EB900A60E91;
			remoteInfo = "Week_4_HW-2";
		};
/* End PBXContainerItemProxy section */

/* Begin PBXFileReference section */
		447DA29A19607EBA00A60E91 /* Week_4_HW-2.app */ = {isa = PBXFileReference; explicitFileType = wrapper.application; includeInIndex = 0; path = "Week_4_HW-2.app"; sourceTree = BUILT_PRODUCTS_DIR; };
		447DA29D19607EBA00A60E91 /* Foundation.framework */ = {isa = PBXFileReference; lastKnownFileType = wrapper.framework; name = Foundation.framework; path = System/Library/Frameworks/Foundation.framework; sourceTree = SDKROOT; };
		447DA29F19607EBA00A60E91 /* CoreGraphics.framework */ = {isa = PBXFileReference; lastKnownFileType = wrapper.framework; name = CoreGraphics.framework; path = System/Library/Frameworks/CoreGraphics.framework; sourceTree = SDKROOT; };
		447DA2A119607EBA00A60E91 /* UIKit.framework */ = {isa = PBXFileReference; lastKnownFileType = wrapper.framework; name = UIKit.framework; path = System/Library/Frameworks/UIKit.framework; sourceTree = SDKROOT; };
		447DA2A519607EBA00A60E91 /* Week_4_HW-2-Info.plist */ = {isa = PBXFileReference; lastKnownFileType = text.plist.xml; path = "Week_4_HW-2-Info.plist"; sourceTree = "<group>"; };
		447DA2A719607EBA00A60E91 /* en */ = {isa = PBXFileReference; lastKnownFileType = text.plist.strings; name = en; path = en.lproj/InfoPlist.strings; sourceTree = "<group>"; };
		447DA2A919607EBA00A60E91 /* main.m */ = {isa = PBXFileReference; lastKnownFileType = sourcecode.c.objc; path = main.m; sourceTree = "<group>"; };
		447DA2AB19607EBA00A60E91 /* Week_4_HW-2-Prefix.pch */ = {isa = PBXFileReference; lastKnownFileType = sourcecode.c.h; path = "Week_4_HW-2-Prefix.pch"; sourceTree = "<group>"; };
		447DA2AC19607EBA00A60E91 /* AppDelegate.h */ = {isa = PBXFileReference; lastKnownFileType = sourcecode.c.h; path = AppDelegate.h; sourceTree = "<group>"; };
		447DA2AD19607EBA00A60E91 /* AppDelegate.m */ = {isa = PBXFileReference; lastKnownFileType = sourcecode.c.objc; path = AppDelegate.m; sourceTree = "<group>"; };
		447DA2AF19607EBA00A60E91 /* Images.xcassets */ = {isa = PBXFileReference; lastKnownFileType = folder.assetcatalog; path = Images.xcassets; sourceTree = "<group>"; };
		447DA2B519607EBA00A60E91 /* Week_4_HW-2Tests.xctest */ = {isa = PBXFileReference; explicitFileType = wrapper.cfbundle; includeInIndex = 0; path = "Week_4_HW-2Tests.xctest"; sourceTree = BUILT_PRODUCTS_DIR; };
		447DA2B619607EBA00A60E91 /* XCTest.framework */ = {isa = PBXFileReference; lastKnownFileType = wrapper.framework; name = XCTest.framework; path = Library/Frameworks/XCTest.framework; sourceTree = DEVELOPER_DIR; };
		447DA2BE19607EBA00A60E91 /* Week_4_HW-2Tests-Info.plist */ = {isa = PBXFileReference; lastKnownFileType = text.plist.xml; path = "Week_4_HW-2Tests-Info.plist"; sourceTree = "<group>"; };
		447DA2C019607EBA00A60E91 /* en */ = {isa = PBXFileReference; lastKnownFileType = text.plist.strings; name = en; path = en.lproj/InfoPlist.strings; sourceTree = "<group>"; };
		447DA2C219607EBA00A60E91 /* Week_4_HW_2Tests.m */ = {isa = PBXFileReference; lastKnownFileType = sourcecode.c.objc; path = Week_4_HW_2Tests.m; sourceTree = "<group>"; };
		447DA2CC19607EF800A60E91 /* ViewController.h */ = {isa = PBXFileReference; fileEncoding = 4; lastKnownFileType = sourcecode.c.h; path = ViewController.h; sourceTree = "<group>"; };
		447DA2CD19607EF800A60E91 /* ViewController.m */ = {isa = PBXFileReference; fileEncoding = 4; lastKnownFileType = sourcecode.c.objc; path = ViewController.m; sourceTree = "<group>"; };
		447DA2CE19607EF800A60E91 /* ViewController.xib */ = {isa = PBXFileReference; fileEncoding = 4; lastKnownFileType = file.xib; path = ViewController.xib; sourceTree = "<group>"; };
/* End PBXFileReference section */

/* Begin PBXFrameworksBuildPhase section */
		447DA29719607EB900A60E91 /* Frameworks */ = {
			isa = PBXFrameworksBuildPhase;
			buildActionMask = 2147483647;
			files = (
				447DA2A019607EBA00A60E91 /* CoreGraphics.framework in Frameworks */,
				447DA2A219607EBA00A60E91 /* UIKit.framework in Frameworks */,
				447DA29E19607EBA00A60E91 /* Foundation.framework in Frameworks */,
			);
			runOnlyForDeploymentPostprocessing = 0;
		};
		447DA2B219607EBA00A60E91 /* Frameworks */ = {
			isa = PBXFrameworksBuildPhase;
			buildActionMask = 2147483647;
			files = (
				447DA2B719607EBA00A60E91 /* XCTest.framework in Frameworks */,
				447DA2B919607EBA00A60E91 /* UIKit.framework in Frameworks */,
				447DA2B819607EBA00A60E91 /* Foundation.framework in Frameworks */,
			);
			runOnlyForDeploymentPostprocessing = 0;
		};
/* End PBXFrameworksBuildPhase section */

/* Begin PBXGroup section */
		447DA29119607EB900A60E91 = {
			isa = PBXGroup;
			children = (
				447DA2CC19607EF800A60E91 /* ViewController.h */,
				447DA2CD19607EF800A60E91 /* ViewController.m */,
				447DA2CE19607EF800A60E91 /* ViewController.xib */,
				447DA2A319607EBA00A60E91 /* Week_4_HW-2 */,
				447DA2BC19607EBA00A60E91 /* Week_4_HW-2Tests */,
				447DA29C19607EBA00A60E91 /* Frameworks */,
				447DA29B19607EBA00A60E91 /* Products */,
			);
			sourceTree = "<group>";
		};
		447DA29B19607EBA00A60E91 /* Products */ = {
			isa = PBXGroup;
			children = (
				447DA29A19607EBA00A60E91 /* Week_4_HW-2.app */,
				447DA2B519607EBA00A60E91 /* Week_4_HW-2Tests.xctest */,
			);
			name = Products;
			sourceTree = "<group>";
		};
		447DA29C19607EBA00A60E91 /* Frameworks */ = {
			isa = PBXGroup;
			children = (
				447DA29D19607EBA00A60E91 /* Foundation.framework */,
				447DA29F19607EBA00A60E91 /* CoreGraphics.framework */,
				447DA2A119607EBA00A60E91 /* UIKit.framework */,
				447DA2B619607EBA00A60E91 /* XCTest.framework */,
			);
			name = Frameworks;
			sourceTree = "<group>";
		};
		447DA2A319607EBA00A60E91 /* Week_4_HW-2 */ = {
			isa = PBXGroup;
			children = (
				447DA2AC19607EBA00A60E91 /* AppDelegate.h */,
				447DA2AD19607EBA00A60E91 /* AppDelegate.m */,
				447DA2AF19607EBA00A60E91 /* Images.xcassets */,
				447DA2A419607EBA00A60E91 /* Supporting Files */,
			);
			path = "Week_4_HW-2";
			sourceTree = "<group>";
		};
		447DA2A419607EBA00A60E91 /* Supporting Files */ = {
			isa = PBXGroup;
			children = (
				447DA2A519607EBA00A60E91 /* Week_4_HW-2-Info.plist */,
				447DA2A619607EBA00A60E91 /* InfoPlist.strings */,
				447DA2A919607EBA00A60E91 /* main.m */,
				447DA2AB19607EBA00A60E91 /* Week_4_HW-2-Prefix.pch */,
			);
			name = "Supporting Files";
			sourceTree = "<group>";
		};
		447DA2BC19607EBA00A60E91 /* Week_4_HW-2Tests */ = {
			isa = PBXGroup;
			children = (
				447DA2C219607EBA00A60E91 /* Week_4_HW_2Tests.m */,
				447DA2BD19607EBA00A60E91 /* Supporting Files */,
			);
			path = "Week_4_HW-2Tests";
			sourceTree = "<group>";
		};
		447DA2BD19607EBA00A60E91 /* Supporting Files */ = {
			isa = PBXGroup;
			children = (
				447DA2BE19607EBA00A60E91 /* Week_4_HW-2Tests-Info.plist */,
				447DA2BF19607EBA00A60E91 /* InfoPlist.strings */,
			);
			name = "Supporting Files";
			sourceTree = "<group>";
		};
/* End PBXGroup section */

/* Begin PBXNativeTarget section */
		447DA29919607EB900A60E91 /* Week_4_HW-2 */ = {
			isa = PBXNativeTarget;
			buildConfigurationList = 447DA2C619607EBA00A60E91 /* Build configuration list for PBXNativeTarget "Week_4_HW-2" */;
			buildPhases = (
				447DA29619607EB900A60E91 /* Sources */,
				447DA29719607EB900A60E91 /* Frameworks */,
				447DA29819607EB900A60E91 /* Resources */,
			);
			buildRules = (
			);
			dependencies = (
			);
			name = "Week_4_HW-2";
			productName = "Week_4_HW-2";
			productReference = 447DA29A19607EBA00A60E91 /* Week_4_HW-2.app */;
			productType = "com.apple.product-type.application";
		};
		447DA2B419607EBA00A60E91 /* Week_4_HW-2Tests */ = {
			isa = PBXNativeTarget;
			buildConfigurationList = 447DA2C919607EBA00A60E91 /* Build configuration list for PBXNativeTarget "Week_4_HW-2Tests" */;
			buildPhases = (
				447DA2B119607EBA00A60E91 /* Sources */,
				447DA2B219607EBA00A60E91 /* Frameworks */,
				447DA2B319607EBA00A60E91 /* Resources */,
			);
			buildRules = (
			);
			dependencies = (
				447DA2BB19607EBA00A60E91 /* PBXTargetDependency */,
			);
			name = "Week_4_HW-2Tests";
			productName = "Week_4_HW-2Tests";
			productReference = 447DA2B519607EBA00A60E91 /* Week_4_HW-2Tests.xctest */;
			productType = "com.apple.product-type.bundle.unit-test";
		};
/* End PBXNativeTarget section */

/* Begin PBXProject section */
		447DA29219607EB900A60E91 /* Project object */ = {
			isa = PBXProject;
			attributes = {
				LastUpgradeCheck = 0510;
				ORGANIZATIONNAME = "___FULLUSERNAME___";
				TargetAttributes = {
					447DA2B419607EBA00A60E91 = {
						TestTargetID = 447DA29919607EB900A60E91;
					};
				};
			};
			buildConfigurationList = 447DA29519607EB900A60E91 /* Build configuration list for PBXProject "Week_4_HW-2" */;
			compatibilityVersion = "Xcode 3.2";
			developmentRegion = English;
			hasScannedForEncodings = 0;
			knownRegions = (
				en,
			);
			mainGroup = 447DA29119607EB900A60E91;
			productRefGroup = 447DA29B19607EBA00A60E91 /* Products */;
			projectDirPath = "";
			projectRoot = "";
			targets = (
				447DA29919607EB900A60E91 /* Week_4_HW-2 */,
				447DA2B419607EBA00A60E91 /* Week_4_HW-2Tests */,
			);
		};
/* End PBXProject section */

/* Begin PBXResourcesBuildPhase section */
		447DA29819607EB900A60E91 /* Resources */ = {
			isa = PBXResourcesBuildPhase;
			buildActionMask = 2147483647;
			files = (
				447DA2A819607EBA00A60E91 /* InfoPlist.strings in Resources */,
				447DA2D019607EF800A60E91 /* ViewController.xib in Resources */,
				447DA2B019607EBA00A60E91 /* Images.xcassets in Resources */,
			);
			runOnlyForDeploymentPostprocessing = 0;
		};
		447DA2B319607EBA00A60E91 /* Resources */ = {
			isa = PBXResourcesBuildPhase;
			buildActionMask = 2147483647;
			files = (
				447DA2C119607EBA00A60E91 /* InfoPlist.strings in Resources */,
			);
			runOnlyForDeploymentPostprocessing = 0;
		};
/* End PBXResourcesBuildPhase section */

/* Begin PBXSourcesBuildPhase section */
		447DA29619607EB900A60E91 /* Sources */ = {
			isa = PBXSourcesBuildPhase;
			buildActionMask = 2147483647;
			files = (
				447DA2CF19607EF800A60E91 /* ViewController.m in Sources */,
				447DA2AE19607EBA00A60E91 /* AppDelegate.m in Sources */,
				447DA2AA19607EBA00A60E91 /* main.m in Sources */,
			);
			runOnlyForDeploymentPostprocessing = 0;
		};
		447DA2B119607EBA00A60E91 /* Sources */ = {
			isa = PBXSourcesBuildPhase;
			buildActionMask = 2147483647;
			files = (
				447DA2C319607EBA00A60E91 /* Week_4_HW_2Tests.m in Sources */,
			);
			runOnlyForDeploymentPostprocessing = 0;
		};
/* End PBXSourcesBuildPhase section */

/* Begin PBXTargetDependency section */
		447DA2BB19607EBA00A60E91 /* PBXTargetDependency */ = {
			isa = PBXTargetDependency;
			target = 447DA29919607EB900A60E91 /* Week_4_HW-2 */;
			targetProxy = 447DA2BA19607EBA00A60E91 /* PBXContainerItemProxy */;
		};
/* End PBXTargetDependency section */

/* Begin PBXVariantGroup section */
		447DA2A619607EBA00A60E91 /* InfoPlist.strings */ = {
			isa = PBXVariantGroup;
			children = (
				447DA2A719607EBA00A60E91 /* en */,
			);
			name = InfoPlist.strings;
			sourceTree = "<group>";
		};
		447DA2BF19607EBA00A60E91 /* InfoPlist.strings */ = {
			isa = PBXVariantGroup;
			children = (
				447DA2C019607EBA00A60E91 /* en */,
			);
			name = InfoPlist.strings;
			sourceTree = "<group>";
		};
/* End PBXVariantGroup section */

/* Begin XCBuildConfiguration section */
		447DA2C419607EBA00A60E91 /* Debug */ = {
			isa = XCBuildConfiguration;
			buildSettings = {
				ALWAYS_SEARCH_USER_PATHS = NO;
				CLANG_CXX_LANGUAGE_STANDARD = "gnu++0x";
				CLANG_CXX_LIBRARY = "libc++";
				CLANG_ENABLE_MODULES = YES;
				CLANG_ENABLE_OBJC_ARC = YES;
				CLANG_WARN_BOOL_CONVERSION = YES;
				CLANG_WARN_CONSTANT_CONVERSION = YES;
				CLANG_WARN_DIRECT_OBJC_ISA_USAGE = YES_ERROR;
				CLANG_WARN_EMPTY_BODY = YES;
				CLANG_WARN_ENUM_CONVERSION = YES;
				CLANG_WARN_INT_CONVERSION = YES;
				CLANG_WARN_OBJC_ROOT_CLASS = YES_ERROR;
				CLANG_WARN__DUPLICATE_METHOD_MATCH = YES;
				"CODE_SIGN_IDENTITY[sdk=iphoneos*]" = "iPhone Developer";
				COPY_PHASE_STRIP = NO;
				GCC_C_LANGUAGE_STANDARD = gnu99;
				GCC_DYNAMIC_NO_PIC = NO;
				GCC_OPTIMIZATION_LEVEL = 0;
				GCC_PREPROCESSOR_DEFINITIONS = (
					"DEBUG=1",
					"$(inherited)",
				);
				GCC_SYMBOLS_PRIVATE_EXTERN = NO;
				GCC_WARN_64_TO_32_BIT_CONVERSION = YES;
				GCC_WARN_ABOUT_RETURN_TYPE = YES_ERROR;
				GCC_WARN_UNDECLARED_SELECTOR = YES;
				GCC_WARN_UNINITIALIZED_AUTOS = YES_AGGRESSIVE;
				GCC_WARN_UNUSED_FUNCTION = YES;
				GCC_WARN_UNUSED_VARIABLE = YES;
				IPHONEOS_DEPLOYMENT_TARGET = 7.1;
				ONLY_ACTIVE_ARCH = YES;
				SDKROOT = iphoneos;
			};
			name = Debug;
		};
		447DA2C519607EBA00A60E91 /* Release */ = {
			isa = XCBuildConfiguration;
			buildSettings = {
				ALWAYS_SEARCH_USER_PATHS = NO;
				CLANG_CXX_LANGUAGE_STANDARD = "gnu++0x";
				CLANG_CXX_LIBRARY = "libc++";
				CLANG_ENABLE_MODULES = YES;
				CLANG_ENABLE_OBJC_ARC = YES;
				CLANG_WARN_BOOL_CONVERSION = YES;
				CLANG_WARN_CONSTANT_CONVERSION = YES;
				CLANG_WARN_DIRECT_OBJC_ISA_USAGE = YES_ERROR;
				CLANG_WARN_EMPTY_BODY = YES;
				CLANG_WARN_ENUM_CONVERSION = YES;
				CLANG_WARN_INT_CONVERSION = YES;
				CLANG_WARN_OBJC_ROOT_CLASS = YES_ERROR;
				CLANG_WARN__DUPLICATE_METHOD_MATCH = YES;
				"CODE_SIGN_IDENTITY[sdk=iphoneos*]" = "iPhone Developer";
				COPY_PHASE_STRIP = YES;
				ENABLE_NS_ASSERTIONS = NO;
				GCC_C_LANGUAGE_STANDARD = gnu99;
				GCC_WARN_64_TO_32_BIT_CONVERSION = YES;
				GCC_WARN_ABOUT_RETURN_TYPE = YES_ERROR;
				GCC_WARN_UNDECLARED_SELECTOR = YES;
				GCC_WARN_UNINITIALIZED_AUTOS = YES_AGGRESSIVE;
				GCC_WARN_UNUSED_FUNCTION = YES;
				GCC_WARN_UNUSED_VARIABLE = YES;
				IPHONEOS_DEPLOYMENT_TARGET = 7.1;
				SDKROOT = iphoneos;
				VALIDATE_PRODUCT = YES;
			};
			name = Release;
		};
		447DA2C719607EBA00A60E91 /* Debug */ = {
			isa = XCBuildConfiguration;
			buildSettings = {
				ASSETCATALOG_COMPILER_APPICON_NAME = AppIcon;
				ASSETCATALOG_COMPILER_LAUNCHIMAGE_NAME = LaunchImage;
				GCC_PRECOMPILE_PREFIX_HEADER = YES;
				GCC_PREFIX_HEADER = "Week_4_HW-2/Week_4_HW-2-Prefix.pch";
				INFOPLIST_FILE = "Week_4_HW-2/Week_4_HW-2-Info.plist";
				PRODUCT_NAME = "$(TARGET_NAME)";
				WRAPPER_EXTENSION = app;
			};
			name = Debug;
		};
		447DA2C819607EBA00A60E91 /* Release */ = {
			isa = XCBuildConfiguration;
			buildSettings = {
				ASSETCATALOG_COMPILER_APPICON_NAME = AppIcon;
				ASSETCATALOG_COMPILER_LAUNCHIMAGE_NAME = LaunchImage;
				GCC_PRECOMPILE_PREFIX_HEADER = YES;
				GCC_PREFIX_HEADER = "Week_4_HW-2/Week_4_HW-2-Prefix.pch";
				INFOPLIST_FILE = "Week_4_HW-2/Week_4_HW-2-Info.plist";
				PRODUCT_NAME = "$(TARGET_NAME)";
				WRAPPER_EXTENSION = app;
			};
			name = Release;
		};
		447DA2CA19607EBA00A60E91 /* Debug */ = {
			isa = XCBuildConfiguration;
			buildSettings = {
				BUNDLE_LOADER = "$(BUILT_PRODUCTS_DIR)/Week_4_HW-2.app/Week_4_HW-2";
				FRAMEWORK_SEARCH_PATHS = (
					"$(SDKROOT)/Developer/Library/Frameworks",
					"$(inherited)",
					"$(DEVELOPER_FRAMEWORKS_DIR)",
				);
				GCC_PRECOMPILE_PREFIX_HEADER = YES;
				GCC_PREFIX_HEADER = "Week_4_HW-2/Week_4_HW-2-Prefix.pch";
				GCC_PREPROCESSOR_DEFINITIONS = (
					"DEBUG=1",
					"$(inherited)",
				);
				INFOPLIST_FILE = "Week_4_HW-2Tests/Week_4_HW-2Tests-Info.plist";
				PRODUCT_NAME = "$(TARGET_NAME)";
				TEST_HOST = "$(BUNDLE_LOADER)";
				WRAPPER_EXTENSION = xctest;
			};
			name = Debug;
		};
		447DA2CB19607EBA00A60E91 /* Release */ = {
			isa = XCBuildConfiguration;
			buildSettings = {
				BUNDLE_LOADER = "$(BUILT_PRODUCTS_DIR)/Week_4_HW-2.app/Week_4_HW-2";
				FRAMEWORK_SEARCH_PATHS = (
					"$(SDKROOT)/Developer/Library/Frameworks",
					"$(inherited)",
					"$(DEVELOPER_FRAMEWORKS_DIR)",
				);
				GCC_PRECOMPILE_PREFIX_HEADER = YES;
				GCC_PREFIX_HEADER = "Week_4_HW-2/Week_4_HW-2-Prefix.pch";
				INFOPLIST_FILE = "Week_4_HW-2Tests/Week_4_HW-2Tests-Info.plist";
				PRODUCT_NAME = "$(TARGET_NAME)";
				TEST_HOST = "$(BUNDLE_LOADER)";
				WRAPPER_EXTENSION = xctest;
			};
			name = Release;
		};
/* End XCBuildConfiguration section */

/* Begin XCConfigurationList section */
		447DA29519607EB900A60E91 /* Build configuration list for PBXProject "Week_4_HW-2" */ = {
			isa = XCConfigurationList;
			buildConfigurations = (
				447DA2C419607EBA00A60E91 /* Debug */,
				447DA2C519607EBA00A60E91 /* Release */,
			);
			defaultConfigurationIsVisible = 0;
			defaultConfigurationName = Release;
		};
		447DA2C619607EBA00A60E91 /* Build configuration list for PBXNativeTarget "Week_4_HW-2" */ = {
			isa = XCConfigurationList;
			buildConfigurations = (
				447DA2C719607EBA00A60E91 /* Debug */,
				447DA2C819607EBA00A60E91 /* Release */,
			);
			defaultConfigurationIsVisible = 0;
		};
		447DA2C919607EBA00A60E91 /* Build configuration list for PBXNativeTarget "Week_4_HW-2Tests" */ = {
			isa = XCConfigurationList;
			buildConfigurations = (
				447DA2CA19607EBA00A60E91 /* Debug */,
				447DA2CB19607EBA00A60E91 /* Release */,
			);
			defaultConfigurationIsVisible = 0;
		};
/* End XCConfigurationList section */
	};
	rootObject = 447DA29219607EB900A60E91 /* Project object */;
}
